
Microsoft Visual Studio Solution File, Format Version 12.00
# Visual Studio Version 17
VisualStudioVersion = 17.5.002.0
MinimumVisualStudioVersion = 10.0.40219.1
Project("{9A19103F-16F7-4668-BE54-9A1E7A4F7556}") = "TimeTracker", "TimeTracker\TimeTracker.csproj", "{97C800E6-4A17-43A7-8CE0-1452748677D3}"
EndProject
Project("{9A19103F-16F7-4668-BE54-9A1E7A4F7556}") = "TimeTracker.Client", "TimeTracker.Client\TimeTracker.Client.csproj", "{56E9ED3E-2806-47AF-ABB3-AFF38216B920}"
EndProject
Global
	GlobalSection(SolutionConfigurationPlatforms) = preSolution
		Debug|Any CPU = Debug|Any CPU
		Release|Any CPU = Release|Any CPU
	EndGlobalSection
	GlobalSection(ProjectConfigurationPlatforms) = postSolution
		{97C800E6-4A17-43A7-8CE0-1452748677D3}.Debug|Any CPU.ActiveCfg = Debug|Any CPU
		{97C800E6-4A17-43A7-8CE0-1452748677D3}.Debug|Any CPU.Build.0 = Debug|Any CPU
		{97C800E6-4A17-43A7-8CE0-1452748677D3}.Release|Any CPU.ActiveCfg = Release|Any CPU
		{97C800E6-4A17-43A7-8CE0-1452748677D3}.Release|Any CPU.Build.0 = Release|Any CPU
		{56E9ED3E-2806-47AF-ABB3-AFF38216B920}.Debug|Any CPU.ActiveCfg = Debug|Any CPU
		{56E9ED3E-2806-47AF-ABB3-AFF38216B920}.Debug|Any CPU.Build.0 = Debug|Any CPU
		{56E9ED3E-2806-47AF-ABB3-AFF38216B920}.Release|Any CPU.ActiveCfg = Release|Any CPU
		{56E9ED3E-2806-47AF-ABB3-AFF38216B920}.Release|Any CPU.Build.0 = Release|Any CPU
	EndGlobalSection
	GlobalSection(SolutionProperties) = preSolution
		HideSolutionNode = FALSE
	EndGlobalSection
	GlobalSection(ExtensibilityGlobals) = postSolution
		SolutionGuid = {7932E677-0AFF-48E7-8D81-5471B2B41169}
	EndGlobalSection
EndGlobal
